
Microsoft Visual Studio Solution File, Format Version 12.00
# Visual Studio 15
VisualStudioVersion = 15.0.28010.2050
MinimumVisualStudioVersion = 10.0.40219.1
Project("{8BC9CEB8-8B4A-11D0-8D11-00A0C91BC942}") = "RealmNet", "RealmNet\RealmNet.vcxproj", "{A9841B9B-B59B-464D-8491-045A9BD3F147}"
EndProject
Project("{8BC9CEB8-8B4A-11D0-8D11-00A0C91BC942}") = "RealmLib", "RealmLib\RealmLib.vcxproj", "{415E651C-82F3-40B8-8B8D-FA0F30BB93B9}"
EndProject
Project("{8BC9CEB8-8B4A-11D0-8D11-00A0C91BC942}") = "RealmXml", "RealmXml\RealmXml.vcxproj", "{67815C86-11C3-4E3C-A4E7-E57D9B48C605}"
EndProject
Project("{2150E333-8FDC-42A3-9474-1A3956D46DE8}") = "Plugins", "Plugins", "{840928DC-6658-4582-B46D-5C1A77E7B4B2}"
EndProject
Project("{8BC9CEB8-8B4A-11D0-8D11-00A0C91BC942}") = "Welcome", "Plugins\Welcome\Welcome.vcxproj", "{365E51F6-5288-451D-8A21-7BED63860DC8}"
EndProject
Project("{8BC9CEB8-8B4A-11D0-8D11-00A0C91BC942}") = "AbilityTimer", "Plugins\AbilityTimer\AbilityTimer.vcxproj", "{C2ECAF31-10B7-444A-B66E-BA771FBF1FD3}"
EndProject
Project("{8BC9CEB8-8B4A-11D0-8D11-00A0C91BC942}") = "ClientUpdate", "Plugins\ClientUpdate\ClientUpdate.vcxproj", "{3DB30AA5-9760-46D8-8E45-5ED75653857D}"
EndProject
Project("{8BC9CEB8-8B4A-11D0-8D11-00A0C91BC942}") = "Autonexus", "Plugins\Autonexus\Autonexus.vcxproj", "{01101431-667B-49E3-9B4F-92667D92558A}"
EndProject
Project("{8BC9CEB8-8B4A-11D0-8D11-00A0C91BC942}") = "Resend", "Plugins\Resend\Resend.vcxproj", "{1C9E0C1F-8F8F-46C8-ABE7-38A8E8CCE42F}"
EndProject
Project("{8BC9CEB8-8B4A-11D0-8D11-00A0C91BC942}") = "AntiLag", "Plugins\AntiLag\AntiLag.vcxproj", "{0E13D09A-496E-4B07-BF86-C028105F2FA2}"
EndProject
Global
	GlobalSection(SolutionConfigurationPlatforms) = preSolution
		Debug|x64 = Debug|x64
		Debug|x86 = Debug|x86
		Release|x64 = Release|x64
		Release|x86 = Release|x86
	EndGlobalSection
	GlobalSection(ProjectConfigurationPlatforms) = postSolution
		{A9841B9B-B59B-464D-8491-045A9BD3F147}.Debug|x64.ActiveCfg = Debug|x64
		{A9841B9B-B59B-464D-8491-045A9BD3F147}.Debug|x64.Build.0 = Debug|x64
		{A9841B9B-B59B-464D-8491-045A9BD3F147}.Debug|x86.ActiveCfg = Debug|Win32
		{A9841B9B-B59B-464D-8491-045A9BD3F147}.Debug|x86.Build.0 = Debug|Win32
		{A9841B9B-B59B-464D-8491-045A9BD3F147}.Release|x64.ActiveCfg = Release|x64
		{A9841B9B-B59B-464D-8491-045A9BD3F147}.Release|x64.Build.0 = Release|x64
		{A9841B9B-B59B-464D-8491-045A9BD3F147}.Release|x86.ActiveCfg = Release|Win32
		{A9841B9B-B59B-464D-8491-045A9BD3F147}.Release|x86.Build.0 = Release|Win32
		{415E651C-82F3-40B8-8B8D-FA0F30BB93B9}.Debug|x64.ActiveCfg = Debug|x64
		{415E651C-82F3-40B8-8B8D-FA0F30BB93B9}.Debug|x64.Build.0 = Debug|x64
		{415E651C-82F3-40B8-8B8D-FA0F30BB93B9}.Debug|x86.ActiveCfg = Debug|Win32
		{415E651C-82F3-40B8-8B8D-FA0F30BB93B9}.Debug|x86.Build.0 = Debug|Win32
		{415E651C-82F3-40B8-8B8D-FA0F30BB93B9}.Release|x64.ActiveCfg = Release|x64
		{415E651C-82F3-40B8-8B8D-FA0F30BB93B9}.Release|x64.Build.0 = Release|x64
		{415E651C-82F3-40B8-8B8D-FA0F30BB93B9}.Release|x86.ActiveCfg = Release|Win32
		{415E651C-82F3-40B8-8B8D-FA0F30BB93B9}.Release|x86.Build.0 = Release|Win32
		{67815C86-11C3-4E3C-A4E7-E57D9B48C605}.Debug|x64.ActiveCfg = Debug|x64
		{67815C86-11C3-4E3C-A4E7-E57D9B48C605}.Debug|x64.Build.0 = Debug|x64
		{67815C86-11C3-4E3C-A4E7-E57D9B48C605}.Debug|x86.ActiveCfg = Debug|Win32
		{67815C86-11C3-4E3C-A4E7-E57D9B48C605}.Debug|x86.Build.0 = Debug|Win32
		{67815C86-11C3-4E3C-A4E7-E57D9B48C605}.Release|x64.ActiveCfg = Release|x64
		{67815C86-11C3-4E3C-A4E7-E57D9B48C605}.Release|x64.Build.0 = Release|x64
		{67815C86-11C3-4E3C-A4E7-E57D9B48C605}.Release|x86.ActiveCfg = Release|Win32
		{67815C86-11C3-4E3C-A4E7-E57D9B48C605}.Release|x86.Build.0 = Release|Win32
		{365E51F6-5288-451D-8A21-7BED63860DC8}.Debug|x64.ActiveCfg = Debug|x64
		{365E51F6-5288-451D-8A21-7BED63860DC8}.Debug|x64.Build.0 = Debug|x64
		{365E51F6-5288-451D-8A21-7BED63860DC8}.Debug|x86.ActiveCfg = Debug|Win32
		{365E51F6-5288-451D-8A21-7BED63860DC8}.Debug|x86.Build.0 = Debug|Win32
		{365E51F6-5288-451D-8A21-7BED63860DC8}.Release|x64.ActiveCfg = Release|x64
		{365E51F6-5288-451D-8A21-7BED63860DC8}.Release|x64.Build.0 = Release|x64
		{365E51F6-5288-451D-8A21-7BED63860DC8}.Release|x86.ActiveCfg = Release|Win32
		{365E51F6-5288-451D-8A21-7BED63860DC8}.Release|x86.Build.0 = Release|Win32
		{C2ECAF31-10B7-444A-B66E-BA771FBF1FD3}.Debug|x64.ActiveCfg = Debug|x64
		{C2ECAF31-10B7-444A-B66E-BA771FBF1FD3}.Debug|x64.Build.0 = Debug|x64
		{C2ECAF31-10B7-444A-B66E-BA771FBF1FD3}.Debug|x86.ActiveCfg = Debug|Win32
		{C2ECAF31-10B7-444A-B66E-BA771FBF1FD3}.Debug|x86.Build.0 = Debug|Win32
		{C2ECAF31-10B7-444A-B66E-BA771FBF1FD3}.Release|x64.ActiveCfg = Release|x64
		{C2ECAF31-10B7-444A-B66E-BA771FBF1FD3}.Release|x64.Build.0 = Release|x64
		{C2ECAF31-10B7-444A-B66E-BA771FBF1FD3}.Release|x86.ActiveCfg = Release|Win32
		{C2ECAF31-10B7-444A-B66E-BA771FBF1FD3}.Release|x86.Build.0 = Release|Win32
		{3DB30AA5-9760-46D8-8E45-5ED75653857D}.Debug|x64.ActiveCfg = Debug|x64
		{3DB30AA5-9760-46D8-8E45-5ED75653857D}.Debug|x64.Build.0 = Debug|x64
		{3DB30AA5-9760-46D8-8E45-5ED75653857D}.Debug|x86.ActiveCfg = Debug|Win32
		{3DB30AA5-9760-46D8-8E45-5ED75653857D}.Debug|x86.Build.0 = Debug|Win32
		{3DB30AA5-9760-46D8-8E45-5ED75653857D}.Release|x64.ActiveCfg = Release|x64
		{3DB30AA5-9760-46D8-8E45-5ED75653857D}.Release|x64.Build.0 = Release|x64
		{3DB30AA5-9760-46D8-8E45-5ED75653857D}.Release|x86.ActiveCfg = Release|Win32
		{3DB30AA5-9760-46D8-8E45-5ED75653857D}.Release|x86.Build.0 = Release|Win32
		{01101431-667B-49E3-9B4F-92667D92558A}.Debug|x64.ActiveCfg = Debug|x64
		{01101431-667B-49E3-9B4F-92667D92558A}.Debug|x64.Build.0 = Debug|x64
		{01101431-667B-49E3-9B4F-92667D92558A}.Debug|x86.ActiveCfg = Debug|Win32
		{01101431-667B-49E3-9B4F-92667D92558A}.Debug|x86.Build.0 = Debug|Win32
		{01101431-667B-49E3-9B4F-92667D92558A}.Release|x64.ActiveCfg = Release|x64
		{01101431-667B-49E3-9B4F-92667D92558A}.Release|x64.Build.0 = Release|x64
		{01101431-667B-49E3-9B4F-92667D92558A}.Release|x86.ActiveCfg = Release|Win32
		{01101431-667B-49E3-9B4F-92667D92558A}.Release|x86.Build.0 = Release|Win32
		{1C9E0C1F-8F8F-46C8-ABE7-38A8E8CCE42F}.Debug|x64.ActiveCfg = Debug|x64
		{1C9E0C1F-8F8F-46C8-ABE7-38A8E8CCE42F}.Debug|x64.Build.0 = Debug|x64
		{1C9E0C1F-8F8F-46C8-ABE7-38A8E8CCE42F}.Debug|x86.ActiveCfg = Debug|Win32
		{1C9E0C1F-8F8F-46C8-ABE7-38A8E8CCE42F}.Debug|x86.Build.0 = Debug|Win32
		{1C9E0C1F-8F8F-46C8-ABE7-38A8E8CCE42F}.Release|x64.ActiveCfg = Release|x64
		{1C9E0C1F-8F8F-46C8-ABE7-38A8E8CCE42F}.Release|x64.Build.0 = Release|x64
		{1C9E0C1F-8F8F-46C8-ABE7-38A8E8CCE42F}.Release|x86.ActiveCfg = Release|Win32
		{1C9E0C1F-8F8F-46C8-ABE7-38A8E8CCE42F}.Release|x86.Build.0 = Release|Win32
		{0E13D09A-496E-4B07-BF86-C028105F2FA2}.Debug|x64.ActiveCfg = Debug|x64
		{0E13D09A-496E-4B07-BF86-C028105F2FA2}.Debug|x64.Build.0 = Debug|x64
		{0E13D09A-496E-4B07-BF86-C028105F2FA2}.Debug|x86.ActiveCfg = Debug|Win32
		{0E13D09A-496E-4B07-BF86-C028105F2FA2}.Debug|x86.Build.0 = Debug|Win32
		{0E13D09A-496E-4B07-BF86-C028105F2FA2}.Release|x64.ActiveCfg = Release|x64
		{0E13D09A-496E-4B07-BF86-C028105F2FA2}.Release|x64.Build.0 = Release|x64
		{0E13D09A-496E-4B07-BF86-C028105F2FA2}.Release|x86.ActiveCfg = Release|Win32
		{0E13D09A-496E-4B07-BF86-C028105F2FA2}.Release|x86.Build.0 = Release|Win32
	EndGlobalSection
	GlobalSection(SolutionProperties) = preSolution
		HideSolutionNode = FALSE
	EndGlobalSection
	GlobalSection(NestedProjects) = preSolution
		{365E51F6-5288-451D-8A21-7BED63860DC8} = {840928DC-6658-4582-B46D-5C1A77E7B4B2}
		{C2ECAF31-10B7-444A-B66E-BA771FBF1FD3} = {840928DC-6658-4582-B46D-5C1A77E7B4B2}
		{3DB30AA5-9760-46D8-8E45-5ED75653857D} = {840928DC-6658-4582-B46D-5C1A77E7B4B2}
		{01101431-667B-49E3-9B4F-92667D92558A} = {840928DC-6658-4582-B46D-5C1A77E7B4B2}
		{1C9E0C1F-8F8F-46C8-ABE7-38A8E8CCE42F} = {840928DC-6658-4582-B46D-5C1A77E7B4B2}
		{0E13D09A-496E-4B07-BF86-C028105F2FA2} = {840928DC-6658-4582-B46D-5C1A77E7B4B2}
	EndGlobalSection
	GlobalSection(ExtensibilityGlobals) = postSolution
		SolutionGuid = {C0D39AF9-A92C-4E90-8E33-B98432158A6A}
	EndGlobalSection
EndGlobal
