<?xml version="1.0" encoding="utf-8"?>
<Project ToolsVersion="4.0" xmlns="http://schemas.microsoft.com/developer/msbuild/2003">
  <ItemGroup>
    <Filter Include="Source Files">
      <UniqueIdentifier>{4FC737F1-C7A5-4376-A066-2A32D752A2FF}</UniqueIdentifier>
      <Extensions>cpp;c;cc;cxx;def;odl;idl;hpj;bat;asm;asmx</Extensions>
    </Filter>
    <Filter Include="Source Files\Exports">
      <UniqueIdentifier>{c2c0faaf-f48c-4a43-9a50-b27b5d8d4b6f}</UniqueIdentifier>
    </Filter>
    <Filter Include="Source Files\Packets">
      <UniqueIdentifier>{ec4ff1ba-f12b-4a71-a90a-ba69a5475904}</UniqueIdentifier>
    </Filter>
    <Filter Include="Source Files\Util">
      <UniqueIdentifier>{299af561-6780-4296-9a71-6ad9c35e34d0}</UniqueIdentifier>
    </Filter>
    <Filter Include="Source Files\Structures">
      <UniqueIdentifier>{bccec291-6da3-4279-ac56-4a2222f98753}</UniqueIdentifier>
    </Filter>
    <Filter Include="Source Files\Packets\Client">
      <UniqueIdentifier>{f295fce6-ad05-49c5-afb4-c08ed87c60b7}</UniqueIdentifier>
    </Filter>
    <Filter Include="Source Files\Packets\DataObjects">
      <UniqueIdentifier>{3d4df9b7-a97a-4773-9482-79c37c13021f}</UniqueIdentifier>
    </Filter>
    <Filter Include="Source Files\Packets\Server">
      <UniqueIdentifier>{0587a8ca-65f5-4947-9239-3ac455cc4c20}</UniqueIdentifier>
    </Filter>
  </ItemGroup>
  <ItemGroup>
    <ClCompile Include="stdafx.cpp">
      <Filter>Source Files</Filter>
    </ClCompile>
    <ClCompile Include="AcceptArenaDeath.cpp">
      <Filter>Source Files\Packets\Client</Filter>
    </ClCompile>
    <ClCompile Include="AcceptTrade.cpp">
      <Filter>Source Files\Packets\Client</Filter>
    </ClCompile>
    <ClCompile Include="AccountList.cpp">
      <Filter>Source Files\Packets\Server</Filter>
    </ClCompile>
    <ClCompile Include="ActivePetUpdate.cpp">
      <Filter>Source Files\Packets\Server</Filter>
    </ClCompile>
    <ClCompile Include="ActivePetUpdateRequest.cpp">
      <Filter>Source Files\Packets\Client</Filter>
    </ClCompile>
    <ClCompile Include="AllyShoot.cpp">
      <Filter>Source Files\Packets\Server</Filter>
    </ClCompile>
    <ClCompile Include="Aoe.cpp">
      <Filter>Source Files\Packets\Server</Filter>
    </ClCompile>
    <ClCompile Include="AoeAck.cpp">
      <Filter>Source Files\Packets\Client</Filter>
    </ClCompile>
    <ClCompile Include="ArenaDeath.cpp">
      <Filter>Source Files\Packets\Server</Filter>
    </ClCompile>
    <ClCompile Include="ArenaNextWave.cpp">
      <Filter>Source Files\Packets\Server</Filter>
    </ClCompile>
    <ClCompile Include="Buy.cpp">
      <Filter>Source Files\Packets\Client</Filter>
    </ClCompile>
    <ClCompile Include="BuyResult.cpp">
      <Filter>Source Files\Packets\Server</Filter>
    </ClCompile>
    <ClCompile Include="CancelTrade.cpp">
      <Filter>Source Files\Packets\Client</Filter>
    </ClCompile>
    <ClCompile Include="ChangeGuildRank.cpp">
      <Filter>Source Files\Packets\Client</Filter>
    </ClCompile>
    <ClCompile Include="ChangePetSkin.cpp">
      <Filter>Source Files\Packets\Client</Filter>
    </ClCompile>
    <ClCompile Include="ChangeTrade.cpp">
      <Filter>Source Files\Packets\Client</Filter>
    </ClCompile>
    <ClCompile Include="CharacterData.cpp">
      <Filter>Source Files\Structures</Filter>
    </ClCompile>
    <ClCompile Include="CheckCredits.cpp">
      <Filter>Source Files\Packets\Client</Filter>
    </ClCompile>
    <ClCompile Include="ChooseName.cpp">
      <Filter>Source Files\Packets\Client</Filter>
    </ClCompile>
    <ClCompile Include="ClaimLoginReward.cpp">
      <Filter>Source Files\Packets\Client</Filter>
    </ClCompile>
    <ClCompile Include="ClaimLoginRewardResponse.cpp">
      <Filter>Source Files\Packets\Server</Filter>
    </ClCompile>
    <ClCompile Include="ClientStat.cpp">
      <Filter>Source Files\Packets\Server</Filter>
    </ClCompile>
    <ClCompile Include="ConditionEffectData.cpp">
      <Filter>Source Files\Structures</Filter>
    </ClCompile>
    <ClCompile Include="Constants.cpp">
      <Filter>Source Files\Exports</Filter>
    </ClCompile>
    <ClCompile Include="Create.cpp">
      <Filter>Source Files\Packets\Client</Filter>
    </ClCompile>
    <ClCompile Include="CreateGuild.cpp">
      <Filter>Source Files\Packets\Client</Filter>
    </ClCompile>
    <ClCompile Include="CreateSuccess.cpp">
      <Filter>Source Files\Packets\Server</Filter>
    </ClCompile>
    <ClCompile Include="Damage.cpp">
      <Filter>Source Files\Packets\Server</Filter>
    </ClCompile>
    <ClCompile Include="Death.cpp">
      <Filter>Source Files\Packets\Server</Filter>
    </ClCompile>
    <ClCompile Include="EditAccountList.cpp">
      <Filter>Source Files\Packets\Client</Filter>
    </ClCompile>
    <ClCompile Include="EnemyHit.cpp">
      <Filter>Source Files\Packets\Client</Filter>
    </ClCompile>
    <ClCompile Include="EnterArena.cpp">
      <Filter>Source Files\Packets\Client</Filter>
    </ClCompile>
    <ClCompile Include="Escape.cpp">
      <Filter>Source Files\Packets\Client</Filter>
    </ClCompile>
    <ClCompile Include="FetchQuest.cpp">
      <Filter>Source Files\Packets\Client</Filter>
    </ClCompile>
    <ClCompile Include="GotoAck.cpp">
      <Filter>Source Files\Packets\Client</Filter>
    </ClCompile>
    <ClCompile Include="GotoQuestRoom.cpp">
      <Filter>Source Files\Packets\Client</Filter>
    </ClCompile>
    <ClCompile Include="GroundDamage.cpp">
      <Filter>Source Files\Packets\Client</Filter>
    </ClCompile>
    <ClCompile Include="GuildInvite.cpp">
      <Filter>Source Files\Packets\Client</Filter>
    </ClCompile>
    <ClCompile Include="GuildRemove.cpp">
      <Filter>Source Files\Packets\Client</Filter>
    </ClCompile>
    <ClCompile Include="Hello.cpp">
      <Filter>Source Files\Packets\Client</Filter>
    </ClCompile>
    <ClCompile Include="InvDrop.cpp">
      <Filter>Source Files\Packets\Client</Filter>
    </ClCompile>
    <ClCompile Include="InvSwap.cpp">
      <Filter>Source Files\Packets\Client</Filter>
    </ClCompile>
    <ClCompile Include="JoinGuild.cpp">
      <Filter>Source Files\Packets\Client</Filter>
    </ClCompile>
    <ClCompile Include="KeyInfoRequest.cpp">
      <Filter>Source Files\Packets\Client</Filter>
    </ClCompile>
    <ClCompile Include="Load.cpp">
      <Filter>Source Files\Packets\Client</Filter>
    </ClCompile>
    <ClCompile Include="Move.cpp">
      <Filter>Source Files\Packets\Client</Filter>
    </ClCompile>
    <ClCompile Include="OtherHit.cpp">
      <Filter>Source Files\Packets\Client</Filter>
    </ClCompile>
    <ClCompile Include="PetUpgradeRequest.cpp">
      <Filter>Source Files\Packets\Client</Filter>
    </ClCompile>
    <ClCompile Include="Pong.cpp">
      <Filter>Source Files\Packets\Client</Filter>
    </ClCompile>
    <ClCompile Include="PlayerHit.cpp">
      <Filter>Source Files\Packets\Client</Filter>
    </ClCompile>
    <ClCompile Include="PlayerShoot.cpp">
      <Filter>Source Files\Packets\Client</Filter>
    </ClCompile>
    <ClCompile Include="PlayerText.cpp">
      <Filter>Source Files\Packets\Client</Filter>
    </ClCompile>
    <ClCompile Include="UsePortal.cpp">
      <Filter>Source Files\Packets\Client</Filter>
    </ClCompile>
    <ClCompile Include="UseItem.cpp">
      <Filter>Source Files\Packets\Client</Filter>
    </ClCompile>
    <ClCompile Include="UpdateAck.cpp">
      <Filter>Source Files\Packets\Client</Filter>
    </ClCompile>
    <ClCompile Include="Teleport.cpp">
      <Filter>Source Files\Packets\Client</Filter>
    </ClCompile>
    <ClCompile Include="ShootAck.cpp">
      <Filter>Source Files\Packets\Client</Filter>
    </ClCompile>
    <ClCompile Include="SetCondition.cpp">
      <Filter>Source Files\Packets\Client</Filter>
    </ClCompile>
    <ClCompile Include="ReskinPet.cpp">
      <Filter>Source Files\Packets\Client</Filter>
    </ClCompile>
    <ClCompile Include="Reskin.cpp">
      <Filter>Source Files\Packets\Client</Filter>
    </ClCompile>
    <ClCompile Include="RequestTrade.cpp">
      <Filter>Source Files\Packets\Client</Filter>
    </ClCompile>
    <ClCompile Include="QuestRedeem.cpp">
      <Filter>Source Files\Packets\Client</Filter>
    </ClCompile>
    <ClCompile Include="Array.cpp">
      <Filter>Source Files\Packets\DataObjects</Filter>
    </ClCompile>
    <ClCompile Include="BitmapData.cpp">
      <Filter>Source Files\Packets\DataObjects</Filter>
    </ClCompile>
    <ClCompile Include="EnemyShoot.cpp">
      <Filter>Source Files\Packets\Server</Filter>
    </ClCompile>
    <ClCompile Include="Failure.cpp">
      <Filter>Source Files\Packets\Server</Filter>
    </ClCompile>
    <ClCompile Include="FetchQuestResponse.cpp">
      <Filter>Source Files\Packets\Server</Filter>
    </ClCompile>
    <ClCompile Include="File.cpp">
      <Filter>Source Files\Packets\Server</Filter>
    </ClCompile>
    <ClCompile Include="GlobalNotification.cpp">
      <Filter>Source Files\Packets\Server</Filter>
    </ClCompile>
    <ClCompile Include="Goto.cpp">
      <Filter>Source Files\Packets\Server</Filter>
    </ClCompile>
    <ClCompile Include="GuildResult.cpp">
      <Filter>Source Files\Packets\Server</Filter>
    </ClCompile>
    <ClCompile Include="InvitedToGuild.cpp">
      <Filter>Source Files\Packets\Server</Filter>
    </ClCompile>
    <ClCompile Include="InvResult.cpp">
      <Filter>Source Files\Packets\Server</Filter>
    </ClCompile>
    <ClCompile Include="KeyInfoResponse.cpp">
      <Filter>Source Files\Packets\Server</Filter>
    </ClCompile>
    <ClCompile Include="MapInfo.cpp">
      <Filter>Source Files\Packets\Server</Filter>
    </ClCompile>
    <ClCompile Include="NameResult.cpp">
      <Filter>Source Files\Packets\Server</Filter>
    </ClCompile>
    <ClCompile Include="NewAbilityUnlocked.cpp">
      <Filter>Source Files\Packets\Server</Filter>
    </ClCompile>
    <ClCompile Include="NewTick.cpp">
      <Filter>Source Files\Packets\Server</Filter>
    </ClCompile>
    <ClCompile Include="Notification.cpp">
      <Filter>Source Files\Packets\Server</Filter>
    </ClCompile>
    <ClCompile Include="PasswordPrompt.cpp">
      <Filter>Source Files\Packets\Server</Filter>
    </ClCompile>
    <ClCompile Include="PetDeleted.cpp">
      <Filter>Source Files\Packets\Server</Filter>
    </ClCompile>
    <ClCompile Include="PetEvolved.cpp">
      <Filter>Source Files\Packets\Server</Filter>
    </ClCompile>
    <ClCompile Include="PetHatched.cpp">
      <Filter>Source Files\Packets\Server</Filter>
    </ClCompile>
    <ClCompile Include="PetYardUpdate.cpp">
      <Filter>Source Files\Packets\Server</Filter>
    </ClCompile>
    <ClCompile Include="Pic.cpp">
      <Filter>Source Files\Packets\Server</Filter>
    </ClCompile>
    <ClCompile Include="Ping.cpp">
      <Filter>Source Files\Packets\Server</Filter>
    </ClCompile>
    <ClCompile Include="PlaySound.cpp">
      <Filter>Source Files\Packets\Server</Filter>
    </ClCompile>
    <ClCompile Include="QuestObjId.cpp">
      <Filter>Source Files\Packets\Server</Filter>
    </ClCompile>
    <ClCompile Include="QuestRedeemResponse.cpp">
      <Filter>Source Files\Packets\Server</Filter>
    </ClCompile>
    <ClCompile Include="Reconnect.cpp">
      <Filter>Source Files\Packets\Server</Filter>
    </ClCompile>
    <ClCompile Include="ShowEffect.cpp">
      <Filter>Source Files\Packets\Server</Filter>
    </ClCompile>
    <ClCompile Include="ServerPlayerShoot.cpp">
      <Filter>Source Files\Packets\Server</Filter>
    </ClCompile>
    <ClCompile Include="ReskinUnlock.cpp">
      <Filter>Source Files\Packets\Server</Filter>
    </ClCompile>
    <ClCompile Include="VerifyEmail.cpp">
      <Filter>Source Files\Packets\Server</Filter>
    </ClCompile>
    <ClCompile Include="Update.cpp">
      <Filter>Source Files\Packets\Server</Filter>
    </ClCompile>
    <ClCompile Include="TradeStart.cpp">
      <Filter>Source Files\Packets\Server</Filter>
    </ClCompile>
    <ClCompile Include="TradeRequested.cpp">
      <Filter>Source Files\Packets\Server</Filter>
    </ClCompile>
    <ClCompile Include="TradeDone.cpp">
      <Filter>Source Files\Packets\Server</Filter>
    </ClCompile>
    <ClCompile Include="TradeChanged.cpp">
      <Filter>Source Files\Packets\Server</Filter>
    </ClCompile>
    <ClCompile Include="TradeAccepted.cpp">
      <Filter>Source Files\Packets\Server</Filter>
    </ClCompile>
    <ClCompile Include="Text.cpp">
      <Filter>Source Files\Packets\Server</Filter>
    </ClCompile>
    <ClCompile Include="SquareHit.cpp">
      <Filter>Source Files\Packets\Client</Filter>
    </ClCompile>
    <ClCompile Include="PacketReader.cpp">
      <Filter>Source Files\Packets</Filter>
    </ClCompile>
    <ClCompile Include="PacketWriter.cpp">
      <Filter>Source Files\Packets</Filter>
    </ClCompile>
    <ClCompile Include="IPlugin.cpp">
      <Filter>Source Files\Exports</Filter>
    </ClCompile>
    <ClCompile Include="XmlData.cpp">
      <Filter>Source Files\Exports</Filter>
    </ClCompile>
    <ClCompile Include="TypeManager.cpp">
      <Filter>Source Files\Exports</Filter>
    </ClCompile>
    <ClCompile Include="ServerManager.cpp">
      <Filter>Source Files\Exports</Filter>
    </ClCompile>
    <ClCompile Include="Packet.cpp">
      <Filter>Source Files\Exports</Filter>
    </ClCompile>
    <ClCompile Include="Random.cpp">
      <Filter>Source Files\Util</Filter>
    </ClCompile>
    <ClCompile Include="PlayerData.cpp">
      <Filter>Source Files\Packets\DataObjects</Filter>
    </ClCompile>
    <ClCompile Include="ItemData.cpp">
      <Filter>Source Files\Structures</Filter>
    </ClCompile>
    <ClCompile Include="ObjectData.cpp">
      <Filter>Source Files\Structures</Filter>
    </ClCompile>
    <ClCompile Include="ProjectileData.cpp">
      <Filter>Source Files\Structures</Filter>
    </ClCompile>
    <ClCompile Include="TileData.cpp">
      <Filter>Source Files\Structures</Filter>
    </ClCompile>
    <ClCompile Include="Entity.cpp">
      <Filter>Source Files\Packets\DataObjects</Filter>
    </ClCompile>
    <ClCompile Include="Location.cpp">
      <Filter>Source Files\Packets\DataObjects</Filter>
    </ClCompile>
    <ClCompile Include="MoveRecord.cpp">
      <Filter>Source Files\Packets\DataObjects</Filter>
    </ClCompile>
    <ClCompile Include="QuestData.cpp">
      <Filter>Source Files\Packets\DataObjects</Filter>
    </ClCompile>
    <ClCompile Include="SlotObject.cpp">
      <Filter>Source Files\Packets\DataObjects</Filter>
    </ClCompile>
    <ClCompile Include="StatData.cpp">
      <Filter>Source Files\Packets\DataObjects</Filter>
    </ClCompile>
    <ClCompile Include="Status.cpp">
      <Filter>Source Files\Packets\DataObjects</Filter>
    </ClCompile>
    <ClCompile Include="String.cpp">
      <Filter>Source Files\Packets\DataObjects</Filter>
    </ClCompile>
    <ClCompile Include="Tile.cpp">
      <Filter>Source Files\Packets\DataObjects</Filter>
    </ClCompile>
    <ClCompile Include="TradeItem.cpp">
      <Filter>Source Files\Packets\DataObjects</Filter>
    </ClCompile>
  </ItemGroup>
  <ItemGroup>
    <ClInclude Include="stdafx.h">
      <Filter>Source Files</Filter>
    </ClInclude>
    <ClInclude Include="PacketReader.h">
      <Filter>Source Files\Packets</Filter>
    </ClInclude>
    <ClInclude Include="PacketWriter.h">
      <Filter>Source Files\Packets</Filter>
    </ClInclude>
    <ClInclude Include="Random.h">
      <Filter>Source Files\Util</Filter>
    </ClInclude>
  </ItemGroup>
</Project>