<?xml version="1.0" encoding="utf-8"?>
<Project ToolsVersion="4.0" xmlns="http://schemas.microsoft.com/developer/msbuild/2003">
  <ItemGroup>
    <Filter Include="Source Files">
      <UniqueIdentifier>{4FC737F1-C7A5-4376-A066-2A32D752A2FF}</UniqueIdentifier>
      <Extensions>cpp;c;cc;cxx;def;odl;idl;hpj;bat;asm;asmx</Extensions>
    </Filter>
    <Filter Include="Source Files\Crypto">
      <UniqueIdentifier>{d9367e07-0b31-4a10-a901-2a1a4c09b310}</UniqueIdentifier>
    </Filter>
    <Filter Include="Source Files\Data">
      <UniqueIdentifier>{d065848b-019e-4c80-b32d-47c68de6fe46}</UniqueIdentifier>
    </Filter>
    <Filter Include="Source Files\Networking">
      <UniqueIdentifier>{8e791229-b587-4f46-a2af-707ca6db7b0e}</UniqueIdentifier>
    </Filter>
  </ItemGroup>
  <ItemGroup>
    <ClCompile Include="stdafx.cpp">
      <Filter>Source Files</Filter>
    </ClCompile>
    <ClCompile Include="Program.cpp">
      <Filter>Source Files</Filter>
    </ClCompile>
    <ClCompile Include="CallbackFunc.cpp">
      <Filter>Source Files\Data</Filter>
    </ClCompile>
    <ClCompile Include="Acceptor.cpp">
      <Filter>Source Files\Networking</Filter>
    </ClCompile>
    <ClCompile Include="ClientConnection.cpp">
      <Filter>Source Files\Networking</Filter>
    </ClCompile>
    <ClCompile Include="Connection.cpp">
      <Filter>Source Files\Networking</Filter>
    </ClCompile>
    <ClCompile Include="KeyHook.cpp">
      <Filter>Source Files\Data</Filter>
    </ClCompile>
    <ClCompile Include="PluginManager.cpp">
      <Filter>Source Files\Data</Filter>
    </ClCompile>
    <ClCompile Include="RC4Cipher.cpp">
      <Filter>Source Files\Crypto</Filter>
    </ClCompile>
    <ClCompile Include="SettingsFile.cpp">
      <Filter>Source Files\Data</Filter>
    </ClCompile>
    <ClCompile Include="ServerSelection.cpp">
      <Filter>Source Files\Data</Filter>
    </ClCompile>
    <ClCompile Include="ServerConnection.cpp">
      <Filter>Source Files\Networking</Filter>
    </ClCompile>
    <ClCompile Include="Proxy.cpp">
      <Filter>Source Files\Networking</Filter>
    </ClCompile>
  </ItemGroup>
  <ItemGroup>
    <ClInclude Include="stdafx.h">
      <Filter>Source Files</Filter>
    </ClInclude>
    <ClInclude Include="CallbackFunc.h">
      <Filter>Source Files\Data</Filter>
    </ClInclude>
    <ClInclude Include="Acceptor.h">
      <Filter>Source Files\Networking</Filter>
    </ClInclude>
    <ClInclude Include="ClientConnection.h">
      <Filter>Source Files\Networking</Filter>
    </ClInclude>
    <ClInclude Include="Connection.h">
      <Filter>Source Files\Networking</Filter>
    </ClInclude>
    <ClInclude Include="KeyHook.h">
      <Filter>Source Files\Data</Filter>
    </ClInclude>
    <ClInclude Include="PluginManager.h">
      <Filter>Source Files\Data</Filter>
    </ClInclude>
    <ClInclude Include="SettingsFile.h">
      <Filter>Source Files\Data</Filter>
    </ClInclude>
    <ClInclude Include="ServerSelection.h">
      <Filter>Source Files\Data</Filter>
    </ClInclude>
    <ClInclude Include="ServerConnection.h">
      <Filter>Source Files\Networking</Filter>
    </ClInclude>
    <ClInclude Include="Proxy.h">
      <Filter>Source Files\Networking</Filter>
    </ClInclude>
    <ClInclude Include="RC4Cipher.h">
      <Filter>Source Files\Crypto</Filter>
    </ClInclude>
  </ItemGroup>
</Project>